// !$*UTF8*$!
{
	archiveVersion = 1;
	classes = {
	};
	objectVersion = 46;
	objects = {

/* Begin PBXBuildFile section */
		59A5002818EDD3730061EF78 /* Foundation.framework in Frameworks */ = {isa = PBXBuildFile; fileRef = 59A5002718EDD3730061EF78 /* Foundation.framework */; };
		59A5002A18EDD3730061EF78 /* CoreGraphics.framework in Frameworks */ = {isa = PBXBuildFile; fileRef = 59A5002918EDD3730061EF78 /* CoreGraphics.framework */; };
		59A5002C18EDD3730061EF78 /* UIKit.framework in Frameworks */ = {isa = PBXBuildFile; fileRef = 59A5002B18EDD3730061EF78 /* UIKit.framework */; };
		59A5003218EDD3730061EF78 /* InfoPlist.strings in Resources */ = {isa = PBXBuildFile; fileRef = 59A5003018EDD3730061EF78 /* InfoPlist.strings */; };
		59A5003418EDD3730061EF78 /* main.m in Sources */ = {isa = PBXBuildFile; fileRef = 59A5003318EDD3730061EF78 /* main.m */; };
		59A5003818EDD3730061EF78 /* AppDelegate.m in Sources */ = {isa = PBXBuildFile; fileRef = 59A5003718EDD3730061EF78 /* AppDelegate.m */; };
		59A5003B18EDD3730061EF78 /* Main.storyboard in Resources */ = {isa = PBXBuildFile; fileRef = 59A5003918EDD3730061EF78 /* Main.storyboard */; };
		59A5003E18EDD3730061EF78 /* Standard_Home.m in Sources */ = {isa = PBXBuildFile; fileRef = 59A5003D18EDD3730061EF78 /* Standard_Home.m */; };
		59A5004018EDD3730061EF78 /* Images.xcassets in Resources */ = {isa = PBXBuildFile; fileRef = 59A5003F18EDD3730061EF78 /* Images.xcassets */; };
		59A5004718EDD3730061EF78 /* XCTest.framework in Frameworks */ = {isa = PBXBuildFile; fileRef = 59A5004618EDD3730061EF78 /* XCTest.framework */; };
		59A5004818EDD3730061EF78 /* Foundation.framework in Frameworks */ = {isa = PBXBuildFile; fileRef = 59A5002718EDD3730061EF78 /* Foundation.framework */; };
		59A5004918EDD3730061EF78 /* UIKit.framework in Frameworks */ = {isa = PBXBuildFile; fileRef = 59A5002B18EDD3730061EF78 /* UIKit.framework */; };
		59A5005118EDD3730061EF78 /* InfoPlist.strings in Resources */ = {isa = PBXBuildFile; fileRef = 59A5004F18EDD3730061EF78 /* InfoPlist.strings */; };
		59A5005318EDD3730061EF78 /* James_SneeTests.m in Sources */ = {isa = PBXBuildFile; fileRef = 59A5005218EDD3730061EF78 /* James_SneeTests.m */; };
		59D2988718EE15F900891343 /* james.jpg in Resources */ = {isa = PBXBuildFile; fileRef = 59D2988618EE15F900891343 /* james.jpg */; };
		59D2988918EEE09100891343 /* james_banner.png in Resources */ = {isa = PBXBuildFile; fileRef = 59D2988818EEE09100891343 /* james_banner.png */; };
		59D2989818EF060000891343 /* CoreMedia.framework in Frameworks */ = {isa = PBXBuildFile; fileRef = 59D2989718EF060000891343 /* CoreMedia.framework */; };
		59D2989A18EF060700891343 /* CoreVideo.framework in Frameworks */ = {isa = PBXBuildFile; fileRef = 59D2989918EF060700891343 /* CoreVideo.framework */; };
		59D2989C18EF061000891343 /* OpenGLES.framework in Frameworks */ = {isa = PBXBuildFile; fileRef = 59D2989B18EF061000891343 /* OpenGLES.framework */; };
		59D2989E18EF061500891343 /* AVFoundation.framework in Frameworks */ = {isa = PBXBuildFile; fileRef = 59D2989D18EF061500891343 /* AVFoundation.framework */; };
		59D298A018EF061B00891343 /* QuartzCore.framework in Frameworks */ = {isa = PBXBuildFile; fileRef = 59D2989F18EF061B00891343 /* QuartzCore.framework */; };
		59D298A618EF338500891343 /* james_banner_blur.png in Resources */ = {isa = PBXBuildFile; fileRef = 59D298A518EF338500891343 /* james_banner_blur.png */; };
		59D298AB18EF723E00891343 /* Classic_Booting.m in Sources */ = {isa = PBXBuildFile; fileRef = 59D298AA18EF723E00891343 /* Classic_Booting.m */; };
		59D298AC18EF738000891343 /* ChicagoFLF.ttf in Resources */ = {isa = PBXBuildFile; fileRef = 59D298A818EF719D00891343 /* ChicagoFLF.ttf */; };
		59D298AF18EF7A9D00891343 /* Classic_Home.m in Sources */ = {isa = PBXBuildFile; fileRef = 59D298AE18EF7A9D00891343 /* Classic_Home.m */; };
		59D298B118F0671A00891343 /* james_banner_classic.png in Resources */ = {isa = PBXBuildFile; fileRef = 59D298B018F0671A00891343 /* james_banner_classic.png */; };
/* End PBXBuildFile section */

/* Begin PBXContainerItemProxy section */
		59A5004A18EDD3730061EF78 /* PBXContainerItemProxy */ = {
			isa = PBXContainerItemProxy;
			containerPortal = 59A5001C18EDD3730061EF78 /* Project object */;
			proxyType = 1;
			remoteGlobalIDString = 59A5002318EDD3730061EF78;
			remoteInfo = "James Snee";
		};
/* End PBXContainerItemProxy section */

/* Begin PBXFileReference section */
		59A5002418EDD3730061EF78 /* James Snee.app */ = {isa = PBXFileReference; explicitFileType = wrapper.application; includeInIndex = 0; path = "James Snee.app"; sourceTree = BUILT_PRODUCTS_DIR; };
		59A5002718EDD3730061EF78 /* Foundation.framework */ = {isa = PBXFileReference; lastKnownFileType = wrapper.framework; name = Foundation.framework; path = System/Library/Frameworks/Foundation.framework; sourceTree = SDKROOT; };
		59A5002918EDD3730061EF78 /* CoreGraphics.framework */ = {isa = PBXFileReference; lastKnownFileType = wrapper.framework; name = CoreGraphics.framework; path = System/Library/Frameworks/CoreGraphics.framework; sourceTree = SDKROOT; };
		59A5002B18EDD3730061EF78 /* UIKit.framework */ = {isa = PBXFileReference; lastKnownFileType = wrapper.framework; name = UIKit.framework; path = System/Library/Frameworks/UIKit.framework; sourceTree = SDKROOT; };
		59A5002F18EDD3730061EF78 /* James Snee-Info.plist */ = {isa = PBXFileReference; lastKnownFileType = text.plist.xml; path = "James Snee-Info.plist"; sourceTree = "<group>"; };
		59A5003118EDD3730061EF78 /* en */ = {isa = PBXFileReference; lastKnownFileType = text.plist.strings; name = en; path = en.lproj/InfoPlist.strings; sourceTree = "<group>"; };
		59A5003318EDD3730061EF78 /* main.m */ = {isa = PBXFileReference; lastKnownFileType = sourcecode.c.objc; path = main.m; sourceTree = "<group>"; };
		59A5003518EDD3730061EF78 /* James Snee-Prefix.pch */ = {isa = PBXFileReference; lastKnownFileType = sourcecode.c.h; path = "James Snee-Prefix.pch"; sourceTree = "<group>"; };
		59A5003618EDD3730061EF78 /* AppDelegate.h */ = {isa = PBXFileReference; lastKnownFileType = sourcecode.c.h; path = AppDelegate.h; sourceTree = "<group>"; };
		59A5003718EDD3730061EF78 /* AppDelegate.m */ = {isa = PBXFileReference; lastKnownFileType = sourcecode.c.objc; path = AppDelegate.m; sourceTree = "<group>"; };
		59A5003A18EDD3730061EF78 /* Base */ = {isa = PBXFileReference; lastKnownFileType = file.storyboard; name = Base; path = Base.lproj/Main.storyboard; sourceTree = "<group>"; };
		59A5003C18EDD3730061EF78 /* Standard_Home.h */ = {isa = PBXFileReference; lastKnownFileType = sourcecode.c.h; path = Standard_Home.h; sourceTree = "<group>"; };
		59A5003D18EDD3730061EF78 /* Standard_Home.m */ = {isa = PBXFileReference; lastKnownFileType = sourcecode.c.objc; path = Standard_Home.m; sourceTree = "<group>"; };
		59A5003F18EDD3730061EF78 /* Images.xcassets */ = {isa = PBXFileReference; lastKnownFileType = folder.assetcatalog; path = Images.xcassets; sourceTree = "<group>"; };
		59A5004518EDD3730061EF78 /* James SneeTests.xctest */ = {isa = PBXFileReference; explicitFileType = wrapper.cfbundle; includeInIndex = 0; path = "James SneeTests.xctest"; sourceTree = BUILT_PRODUCTS_DIR; };
		59A5004618EDD3730061EF78 /* XCTest.framework */ = {isa = PBXFileReference; lastKnownFileType = wrapper.framework; name = XCTest.framework; path = Library/Frameworks/XCTest.framework; sourceTree = DEVELOPER_DIR; };
		59A5004E18EDD3730061EF78 /* James SneeTests-Info.plist */ = {isa = PBXFileReference; lastKnownFileType = text.plist.xml; path = "James SneeTests-Info.plist"; sourceTree = "<group>"; };
		59A5005018EDD3730061EF78 /* en */ = {isa = PBXFileReference; lastKnownFileType = text.plist.strings; name = en; path = en.lproj/InfoPlist.strings; sourceTree = "<group>"; };
		59A5005218EDD3730061EF78 /* James_SneeTests.m */ = {isa = PBXFileReference; lastKnownFileType = sourcecode.c.objc; path = James_SneeTests.m; sourceTree = "<group>"; };
		59D2988618EE15F900891343 /* james.jpg */ = {isa = PBXFileReference; lastKnownFileType = image.jpeg; path = james.jpg; sourceTree = "<group>"; };
		59D2988818EEE09100891343 /* james_banner.png */ = {isa = PBXFileReference; lastKnownFileType = image.png; path = james_banner.png; sourceTree = "<group>"; };
		59D2989718EF060000891343 /* CoreMedia.framework */ = {isa = PBXFileReference; lastKnownFileType = wrapper.framework; name = CoreMedia.framework; path = System/Library/Frameworks/CoreMedia.framework; sourceTree = SDKROOT; };
		59D2989918EF060700891343 /* CoreVideo.framework */ = {isa = PBXFileReference; lastKnownFileType = wrapper.framework; name = CoreVideo.framework; path = System/Library/Frameworks/CoreVideo.framework; sourceTree = SDKROOT; };
		59D2989B18EF061000891343 /* OpenGLES.framework */ = {isa = PBXFileReference; lastKnownFileType = wrapper.framework; name = OpenGLES.framework; path = System/Library/Frameworks/OpenGLES.framework; sourceTree = SDKROOT; };
		59D2989D18EF061500891343 /* AVFoundation.framework */ = {isa = PBXFileReference; lastKnownFileType = wrapper.framework; name = AVFoundation.framework; path = System/Library/Frameworks/AVFoundation.framework; sourceTree = SDKROOT; };
		59D2989F18EF061B00891343 /* QuartzCore.framework */ = {isa = PBXFileReference; lastKnownFileType = wrapper.framework; name = QuartzCore.framework; path = System/Library/Frameworks/QuartzCore.framework; sourceTree = SDKROOT; };
		59D298A518EF338500891343 /* james_banner_blur.png */ = {isa = PBXFileReference; lastKnownFileType = image.png; path = james_banner_blur.png; sourceTree = "<group>"; };
		59D298A818EF719D00891343 /* ChicagoFLF.ttf */ = {isa = PBXFileReference; lastKnownFileType = file; path = ChicagoFLF.ttf; sourceTree = "<group>"; };
		59D298A918EF723E00891343 /* Classic_Booting.h */ = {isa = PBXFileReference; fileEncoding = 4; lastKnownFileType = sourcecode.c.h; path = Classic_Booting.h; sourceTree = "<group>"; };
		59D298AA18EF723E00891343 /* Classic_Booting.m */ = {isa = PBXFileReference; fileEncoding = 4; lastKnownFileType = sourcecode.c.objc; path = Classic_Booting.m; sourceTree = "<group>"; };
		59D298AD18EF7A9D00891343 /* Classic_Home.h */ = {isa = PBXFileReference; fileEncoding = 4; lastKnownFileType = sourcecode.c.h; path = Classic_Home.h; sourceTree = "<group>"; };
		59D298AE18EF7A9D00891343 /* Classic_Home.m */ = {isa = PBXFileReference; fileEncoding = 4; lastKnownFileType = sourcecode.c.objc; path = Classic_Home.m; sourceTree = "<group>"; };
		59D298B018F0671A00891343 /* james_banner_classic.png */ = {isa = PBXFileReference; lastKnownFileType = image.png; path = james_banner_classic.png; sourceTree = "<group>"; };
/* End PBXFileReference section */

/* Begin PBXFrameworksBuildPhase section */
		59A5002118EDD3730061EF78 /* Frameworks */ = {
			isa = PBXFrameworksBuildPhase;
			buildActionMask = 2147483647;
			files = (
				59D298A018EF061B00891343 /* QuartzCore.framework in Frameworks */,
				59D2989E18EF061500891343 /* AVFoundation.framework in Frameworks */,
				59D2989C18EF061000891343 /* OpenGLES.framework in Frameworks */,
				59D2989A18EF060700891343 /* CoreVideo.framework in Frameworks */,
				59D2989818EF060000891343 /* CoreMedia.framework in Frameworks */,
				59A5002A18EDD3730061EF78 /* CoreGraphics.framework in Frameworks */,
				59A5002C18EDD3730061EF78 /* UIKit.framework in Frameworks */,
				59A5002818EDD3730061EF78 /* Foundation.framework in Frameworks */,
			);
			runOnlyForDeploymentPostprocessing = 0;
		};
		59A5004218EDD3730061EF78 /* Frameworks */ = {
			isa = PBXFrameworksBuildPhase;
			buildActionMask = 2147483647;
			files = (
				59A5004718EDD3730061EF78 /* XCTest.framework in Frameworks */,
				59A5004918EDD3730061EF78 /* UIKit.framework in Frameworks */,
				59A5004818EDD3730061EF78 /* Foundation.framework in Frameworks */,
			);
			runOnlyForDeploymentPostprocessing = 0;
		};
/* End PBXFrameworksBuildPhase section */

/* Begin PBXGroup section */
		59A5001B18EDD3730061EF78 = {
			isa = PBXGroup;
			children = (
				59A5002D18EDD3730061EF78 /* James Snee */,
				59A5004C18EDD3730061EF78 /* James SneeTests */,
				59A5002618EDD3730061EF78 /* Frameworks */,
				59A5002518EDD3730061EF78 /* Products */,
			);
			sourceTree = "<group>";
		};
		59A5002518EDD3730061EF78 /* Products */ = {
			isa = PBXGroup;
			children = (
				59A5002418EDD3730061EF78 /* James Snee.app */,
				59A5004518EDD3730061EF78 /* James SneeTests.xctest */,
			);
			name = Products;
			sourceTree = "<group>";
		};
		59A5002618EDD3730061EF78 /* Frameworks */ = {
			isa = PBXGroup;
			children = (
				59D2989F18EF061B00891343 /* QuartzCore.framework */,
				59D2989D18EF061500891343 /* AVFoundation.framework */,
				59D2989B18EF061000891343 /* OpenGLES.framework */,
				59D2989918EF060700891343 /* CoreVideo.framework */,
				59D2989718EF060000891343 /* CoreMedia.framework */,
				59A5002718EDD3730061EF78 /* Foundation.framework */,
				59A5002918EDD3730061EF78 /* CoreGraphics.framework */,
				59A5002B18EDD3730061EF78 /* UIKit.framework */,
				59A5004618EDD3730061EF78 /* XCTest.framework */,
			);
			name = Frameworks;
			sourceTree = "<group>";
		};
		59A5002D18EDD3730061EF78 /* James Snee */ = {
			isa = PBXGroup;
			children = (
				59D298B418F0789600891343 /* Application */,
				59D298B318F0788A00891343 /* Views */,
				59D298B218F0788000891343 /* Controllers */,
				59A5003F18EDD3730061EF78 /* Images.xcassets */,
				59A5002E18EDD3730061EF78 /* Supporting Files */,
			);
			path = "James Snee";
			sourceTree = "<group>";
		};
		59A5002E18EDD3730061EF78 /* Supporting Files */ = {
			isa = PBXGroup;
			children = (
				59D298A718EF718300891343 /* Fonts */,
				59D2988518EE15E200891343 /* Images */,
				59A5002F18EDD3730061EF78 /* James Snee-Info.plist */,
				59A5003018EDD3730061EF78 /* InfoPlist.strings */,
				59A5003318EDD3730061EF78 /* main.m */,
				59A5003518EDD3730061EF78 /* James Snee-Prefix.pch */,
			);
			name = "Supporting Files";
			sourceTree = "<group>";
		};
		59A5004C18EDD3730061EF78 /* James SneeTests */ = {
			isa = PBXGroup;
			children = (
				59A5005218EDD3730061EF78 /* James_SneeTests.m */,
				59A5004D18EDD3730061EF78 /* Supporting Files */,
			);
			path = "James SneeTests";
			sourceTree = "<group>";
		};
		59A5004D18EDD3730061EF78 /* Supporting Files */ = {
			isa = PBXGroup;
			children = (
				59A5004E18EDD3730061EF78 /* James SneeTests-Info.plist */,
				59A5004F18EDD3730061EF78 /* InfoPlist.strings */,
			);
			name = "Supporting Files";
			sourceTree = "<group>";
		};
		59D2988518EE15E200891343 /* Images */ = {
			isa = PBXGroup;
			children = (
				59D298B018F0671A00891343 /* james_banner_classic.png */,
				59D2988818EEE09100891343 /* james_banner.png */,
				59D2988618EE15F900891343 /* james.jpg */,
				59D298A518EF338500891343 /* james_banner_blur.png */,
			);
			name = Images;
			sourceTree = "<group>";
		};
		59D298A718EF718300891343 /* Fonts */ = {
			isa = PBXGroup;
			children = (
				59D298A818EF719D00891343 /* ChicagoFLF.ttf */,
			);
			name = Fonts;
			sourceTree = "<group>";
		};
		59D298B218F0788000891343 /* Controllers */ = {
			isa = PBXGroup;
			children = (
				59A5003C18EDD3730061EF78 /* Standard_Home.h */,
				59A5003D18EDD3730061EF78 /* Standard_Home.m */,
				59D298AD18EF7A9D00891343 /* Classic_Home.h */,
				59D298AE18EF7A9D00891343 /* Classic_Home.m */,
				59D298A918EF723E00891343 /* Classic_Booting.h */,
				59D298AA18EF723E00891343 /* Classic_Booting.m */,
			);
			name = Controllers;
			sourceTree = "<group>";
		};
		59D298B318F0788A00891343 /* Views */ = {
			isa = PBXGroup;
			children = (
				59A5003918EDD3730061EF78 /* Main.storyboard */,
			);
			name = Views;
			sourceTree = "<group>";
		};
		59D298B418F0789600891343 /* Application */ = {
			isa = PBXGroup;
			children = (
				59A5003618EDD3730061EF78 /* AppDelegate.h */,
				59A5003718EDD3730061EF78 /* AppDelegate.m */,
			);
			name = Application;
			sourceTree = "<group>";
		};
/* End PBXGroup section */

/* Begin PBXNativeTarget section */
		59A5002318EDD3730061EF78 /* James Snee */ = {
			isa = PBXNativeTarget;
			buildConfigurationList = 59A5005618EDD3730061EF78 /* Build configuration list for PBXNativeTarget "James Snee" */;
			buildPhases = (
				59A5002018EDD3730061EF78 /* Sources */,
				59A5002118EDD3730061EF78 /* Frameworks */,
				59A5002218EDD3730061EF78 /* Resources */,
			);
			buildRules = (
			);
			dependencies = (
			);
			name = "James Snee";
			productName = "James Snee";
			productReference = 59A5002418EDD3730061EF78 /* James Snee.app */;
			productType = "com.apple.product-type.application";
		};
		59A5004418EDD3730061EF78 /* James SneeTests */ = {
			isa = PBXNativeTarget;
			buildConfigurationList = 59A5005918EDD3730061EF78 /* Build configuration list for PBXNativeTarget "James SneeTests" */;
			buildPhases = (
				59A5004118EDD3730061EF78 /* Sources */,
				59A5004218EDD3730061EF78 /* Frameworks */,
				59A5004318EDD3730061EF78 /* Resources */,
			);
			buildRules = (
			);
			dependencies = (
				59A5004B18EDD3730061EF78 /* PBXTargetDependency */,
			);
			name = "James SneeTests";
			productName = "James SneeTests";
			productReference = 59A5004518EDD3730061EF78 /* James SneeTests.xctest */;
			productType = "com.apple.product-type.bundle.unit-test";
		};
/* End PBXNativeTarget section */

/* Begin PBXProject section */
		59A5001C18EDD3730061EF78 /* Project object */ = {
			isa = PBXProject;
			attributes = {
				LastUpgradeCheck = 0510;
				TargetAttributes = {
					59A5002318EDD3730061EF78 = {
						DevelopmentTeam = 86V4YPYSNV;
					};
					59A5004418EDD3730061EF78 = {
						TestTargetID = 59A5002318EDD3730061EF78;
					};
				};
			};
			buildConfigurationList = 59A5001F18EDD3730061EF78 /* Build configuration list for PBXProject "James Snee" */;
			compatibilityVersion = "Xcode 3.2";
			developmentRegion = English;
			hasScannedForEncodings = 0;
			knownRegions = (
				en,
				Base,
			);
			mainGroup = 59A5001B18EDD3730061EF78;
			productRefGroup = 59A5002518EDD3730061EF78 /* Products */;
			projectDirPath = "";
			projectRoot = "";
			targets = (
				59A5002318EDD3730061EF78 /* James Snee */,
				59A5004418EDD3730061EF78 /* James SneeTests */,
			);
		};
/* End PBXProject section */

/* Begin PBXResourcesBuildPhase section */
		59A5002218EDD3730061EF78 /* Resources */ = {
			isa = PBXResourcesBuildPhase;
			buildActionMask = 2147483647;
			files = (
				59D298AC18EF738000891343 /* ChicagoFLF.ttf in Resources */,
				59D298B118F0671A00891343 /* james_banner_classic.png in Resources */,
				59D2988718EE15F900891343 /* james.jpg in Resources */,
				59A5004018EDD3730061EF78 /* Images.xcassets in Resources */,
				59D2988918EEE09100891343 /* james_banner.png in Resources */,
				59A5003218EDD3730061EF78 /* InfoPlist.strings in Resources */,
				59A5003B18EDD3730061EF78 /* Main.storyboard in Resources */,
				59D298A618EF338500891343 /* james_banner_blur.png in Resources */,
			);
			runOnlyForDeploymentPostprocessing = 0;
		};
		59A5004318EDD3730061EF78 /* Resources */ = {
			isa = PBXResourcesBuildPhase;
			buildActionMask = 2147483647;
			files = (
				59A5005118EDD3730061EF78 /* InfoPlist.strings in Resources */,
			);
			runOnlyForDeploymentPostprocessing = 0;
		};
/* End PBXResourcesBuildPhase section */

/* Begin PBXSourcesBuildPhase section */
		59A5002018EDD3730061EF78 /* Sources */ = {
			isa = PBXSourcesBuildPhase;
			buildActionMask = 2147483647;
			files = (
				59A5003E18EDD3730061EF78 /* Standard_Home.m in Sources */,
				59A5003818EDD3730061EF78 /* AppDelegate.m in Sources */,
				59A5003418EDD3730061EF78 /* main.m in Sources */,
				59D298AB18EF723E00891343 /* Classic_Booting.m in Sources */,
				59D298AF18EF7A9D00891343 /* Classic_Home.m in Sources */,
			);
			runOnlyForDeploymentPostprocessing = 0;
		};
		59A5004118EDD3730061EF78 /* Sources */ = {
			isa = PBXSourcesBuildPhase;
			buildActionMask = 2147483647;
			files = (
				59A5005318EDD3730061EF78 /* James_SneeTests.m in Sources */,
			);
			runOnlyForDeploymentPostprocessing = 0;
		};
/* End PBXSourcesBuildPhase section */

/* Begin PBXTargetDependency section */
		59A5004B18EDD3730061EF78 /* PBXTargetDependency */ = {
			isa = PBXTargetDependency;
			target = 59A5002318EDD3730061EF78 /* James Snee */;
			targetProxy = 59A5004A18EDD3730061EF78 /* PBXContainerItemProxy */;
		};
/* End PBXTargetDependency section */

/* Begin PBXVariantGroup section */
		59A5003018EDD3730061EF78 /* InfoPlist.strings */ = {
			isa = PBXVariantGroup;
			children = (
				59A5003118EDD3730061EF78 /* en */,
			);
			name = InfoPlist.strings;
			sourceTree = "<group>";
		};
		59A5003918EDD3730061EF78 /* Main.storyboard */ = {
			isa = PBXVariantGroup;
			children = (
				59A5003A18EDD3730061EF78 /* Base */,
			);
			name = Main.storyboard;
			sourceTree = "<group>";
		};
		59A5004F18EDD3730061EF78 /* InfoPlist.strings */ = {
			isa = PBXVariantGroup;
			children = (
				59A5005018EDD3730061EF78 /* en */,
			);
			name = InfoPlist.strings;
			sourceTree = "<group>";
		};
/* End PBXVariantGroup section */

/* Begin XCBuildConfiguration section */
		59A5005418EDD3730061EF78 /* Debug */ = {
			isa = XCBuildConfiguration;
			buildSettings = {
				ALWAYS_SEARCH_USER_PATHS = NO;
				CLANG_CXX_LANGUAGE_STANDARD = "gnu++0x";
				CLANG_CXX_LIBRARY = "libc++";
				CLANG_ENABLE_MODULES = YES;
				CLANG_ENABLE_OBJC_ARC = YES;
				CLANG_WARN_BOOL_CONVERSION = YES;
				CLANG_WARN_CONSTANT_CONVERSION = YES;
				CLANG_WARN_DIRECT_OBJC_ISA_USAGE = YES_ERROR;
				CLANG_WARN_EMPTY_BODY = YES;
				CLANG_WARN_ENUM_CONVERSION = YES;
				CLANG_WARN_INT_CONVERSION = YES;
				CLANG_WARN_OBJC_ROOT_CLASS = YES_ERROR;
				CLANG_WARN__DUPLICATE_METHOD_MATCH = YES;
				CODE_SIGN_IDENTITY = "iPhone Developer: James Snee (UZF6782G72)";
				"CODE_SIGN_IDENTITY[sdk=iphoneos*]" = "iPhone Developer";
				COPY_PHASE_STRIP = NO;
				GCC_C_LANGUAGE_STANDARD = gnu99;
				GCC_DYNAMIC_NO_PIC = NO;
				GCC_OPTIMIZATION_LEVEL = 0;
				GCC_PREPROCESSOR_DEFINITIONS = (
					"DEBUG=1",
					"$(inherited)",
				);
				GCC_SYMBOLS_PRIVATE_EXTERN = NO;
				GCC_WARN_64_TO_32_BIT_CONVERSION = YES;
				GCC_WARN_ABOUT_RETURN_TYPE = YES_ERROR;
				GCC_WARN_UNDECLARED_SELECTOR = YES;
				GCC_WARN_UNINITIALIZED_AUTOS = YES_AGGRESSIVE;
				GCC_WARN_UNUSED_FUNCTION = YES;
				GCC_WARN_UNUSED_VARIABLE = YES;
				IPHONEOS_DEPLOYMENT_TARGET = 7.1;
				ONLY_ACTIVE_ARCH = YES;
				SDKROOT = iphoneos;
			};
			name = Debug;
		};
		59A5005518EDD3730061EF78 /* Release */ = {
			isa = XCBuildConfiguration;
			buildSettings = {
				ALWAYS_SEARCH_USER_PATHS = NO;
				CLANG_CXX_LANGUAGE_STANDARD = "gnu++0x";
				CLANG_CXX_LIBRARY = "libc++";
				CLANG_ENABLE_MODULES = YES;
				CLANG_ENABLE_OBJC_ARC = YES;
				CLANG_WARN_BOOL_CONVERSION = YES;
				CLANG_WARN_CONSTANT_CONVERSION = YES;
				CLANG_WARN_DIRECT_OBJC_ISA_USAGE = YES_ERROR;
				CLANG_WARN_EMPTY_BODY = YES;
				CLANG_WARN_ENUM_CONVERSION = YES;
				CLANG_WARN_INT_CONVERSION = YES;
				CLANG_WARN_OBJC_ROOT_CLASS = YES_ERROR;
				CLANG_WARN__DUPLICATE_METHOD_MATCH = YES;
				CODE_SIGN_IDENTITY = "iPhone Developer: James Snee (UZF6782G72)";
				"CODE_SIGN_IDENTITY[sdk=iphoneos*]" = "iPhone Developer";
				COPY_PHASE_STRIP = YES;
				ENABLE_NS_ASSERTIONS = NO;
				GCC_C_LANGUAGE_STANDARD = gnu99;
				GCC_WARN_64_TO_32_BIT_CONVERSION = YES;
				GCC_WARN_ABOUT_RETURN_TYPE = YES_ERROR;
				GCC_WARN_UNDECLARED_SELECTOR = YES;
				GCC_WARN_UNINITIALIZED_AUTOS = YES_AGGRESSIVE;
				GCC_WARN_UNUSED_FUNCTION = YES;
				GCC_WARN_UNUSED_VARIABLE = YES;
				IPHONEOS_DEPLOYMENT_TARGET = 7.1;
				SDKROOT = iphoneos;
				VALIDATE_PRODUCT = YES;
			};
			name = Release;
		};
		59A5005718EDD3730061EF78 /* Debug */ = {
			isa = XCBuildConfiguration;
			buildSettings = {
				ASSETCATALOG_COMPILER_APPICON_NAME = AppIcon;
				ASSETCATALOG_COMPILER_LAUNCHIMAGE_NAME = LaunchImage;
				CODE_SIGN_IDENTITY = "iPhone Developer";
				"CODE_SIGN_IDENTITY[sdk=iphoneos*]" = "iPhone Developer";
				GCC_PRECOMPILE_PREFIX_HEADER = YES;
				GCC_PREFIX_HEADER = "James Snee/James Snee-Prefix.pch";
				INFOPLIST_FILE = "James Snee/James Snee-Info.plist";
				LIBRARY_SEARCH_PATHS = (
					"$(inherited)",
					"$(PROJECT_DIR)",
				);
				PRODUCT_NAME = "$(TARGET_NAME)";
				PROVISIONING_PROFILE = "";
				WRAPPER_EXTENSION = app;
			};
			name = Debug;
		};
		59A5005818EDD3730061EF78 /* Release */ = {
			isa = XCBuildConfiguration;
			buildSettings = {
				ASSETCATALOG_COMPILER_APPICON_NAME = AppIcon;
				ASSETCATALOG_COMPILER_LAUNCHIMAGE_NAME = LaunchImage;
				CODE_SIGN_IDENTITY = "iPhone Developer";
				"CODE_SIGN_IDENTITY[sdk=iphoneos*]" = "iPhone Developer";
				GCC_PRECOMPILE_PREFIX_HEADER = YES;
				GCC_PREFIX_HEADER = "James Snee/James Snee-Prefix.pch";
				INFOPLIST_FILE = "James Snee/James Snee-Info.plist";
				LIBRARY_SEARCH_PATHS = (
					"$(inherited)",
					"$(PROJECT_DIR)",
				);
				PRODUCT_NAME = "$(TARGET_NAME)";
				PROVISIONING_PROFILE = "";
				WRAPPER_EXTENSION = app;
			};
			name = Release;
		};
		59A5005A18EDD3730061EF78 /* Debug */ = {
			isa = XCBuildConfiguration;
			buildSettings = {
				BUNDLE_LOADER = "$(BUILT_PRODUCTS_DIR)/James Snee.app/James Snee";
				FRAMEWORK_SEARCH_PATHS = (
					"$(SDKROOT)/Developer/Library/Frameworks",
					"$(inherited)",
					"$(DEVELOPER_FRAMEWORKS_DIR)",
				);
				GCC_PRECOMPILE_PREFIX_HEADER = YES;
				GCC_PREFIX_HEADER = "James Snee/James Snee-Prefix.pch";
				GCC_PREPROCESSOR_DEFINITIONS = (
					"DEBUG=1",
					"$(inherited)",
				);
				INFOPLIST_FILE = "James SneeTests/James SneeTests-Info.plist";
				PRODUCT_NAME = "$(TARGET_NAME)";
				TEST_HOST = "$(BUNDLE_LOADER)";
				WRAPPER_EXTENSION = xctest;
			};
			name = Debug;
		};
		59A5005B18EDD3730061EF78 /* Release */ = {
			isa = XCBuildConfiguration;
			buildSettings = {
				BUNDLE_LOADER = "$(BUILT_PRODUCTS_DIR)/James Snee.app/James Snee";
				FRAMEWORK_SEARCH_PATHS = (
					"$(SDKROOT)/Developer/Library/Frameworks",
					"$(inherited)",
					"$(DEVELOPER_FRAMEWORKS_DIR)",
				);
				GCC_PRECOMPILE_PREFIX_HEADER = YES;
				GCC_PREFIX_HEADER = "James Snee/James Snee-Prefix.pch";
				INFOPLIST_FILE = "James SneeTests/James SneeTests-Info.plist";
				PRODUCT_NAME = "$(TARGET_NAME)";
				TEST_HOST = "$(BUNDLE_LOADER)";
				WRAPPER_EXTENSION = xctest;
			};
			name = Release;
		};
/* End XCBuildConfiguration section */

/* Begin XCConfigurationList section */
		59A5001F18EDD3730061EF78 /* Build configuration list for PBXProject "James Snee" */ = {
			isa = XCConfigurationList;
			buildConfigurations = (
				59A5005418EDD3730061EF78 /* Debug */,
				59A5005518EDD3730061EF78 /* Release */,
			);
			defaultConfigurationIsVisible = 0;
			defaultConfigurationName = Release;
		};
		59A5005618EDD3730061EF78 /* Build configuration list for PBXNativeTarget "James Snee" */ = {
			isa = XCConfigurationList;
			buildConfigurations = (
				59A5005718EDD3730061EF78 /* Debug */,
				59A5005818EDD3730061EF78 /* Release */,
			);
			defaultConfigurationIsVisible = 0;
			defaultConfigurationName = Release;
		};
		59A5005918EDD3730061EF78 /* Build configuration list for PBXNativeTarget "James SneeTests" */ = {
			isa = XCConfigurationList;
			buildConfigurations = (
				59A5005A18EDD3730061EF78 /* Debug */,
				59A5005B18EDD3730061EF78 /* Release */,
			);
			defaultConfigurationIsVisible = 0;
			defaultConfigurationName = Release;
		};
/* End XCConfigurationList section */
	};
	rootObject = 59A5001C18EDD3730061EF78 /* Project object */;
}
